
Microsoft Visual Studio Solution File, Format Version 12.00
# Visual Studio Version 16
VisualStudioVersion = 16.0.28721.148
MinimumVisualStudioVersion = 10.0.40219.1
Project("{FAE04EC0-301F-11D3-BF4B-00C04F79EFBC}") = "MIPandCVLW3", "MIPandCVLW3\MIPandCVLW3.csproj", "{1CFB3CB0-9DC6-4294-976B-D2C6F87933EE}"
EndProject
Global
	GlobalSection(SolutionConfigurationPlatforms) = preSolution
		Debug|Any CPU = Debug|Any CPU
		Release|Any CPU = Release|Any CPU
	EndGlobalSection
	GlobalSection(ProjectConfigurationPlatforms) = postSolution
		{1CFB3CB0-9DC6-4294-976B-D2C6F87933EE}.Debug|Any CPU.ActiveCfg = Debug|Any CPU
		{1CFB3CB0-9DC6-4294-976B-D2C6F87933EE}.Debug|Any CPU.Build.0 = Debug|Any CPU
		{1CFB3CB0-9DC6-4294-976B-D2C6F87933EE}.Release|Any CPU.ActiveCfg = Release|Any CPU
		{1CFB3CB0-9DC6-4294-976B-D2C6F87933EE}.Release|Any CPU.Build.0 = Release|Any CPU
	EndGlobalSection
	GlobalSection(SolutionProperties) = preSolution
		HideSolutionNode = FALSE
	EndGlobalSection
	GlobalSection(ExtensibilityGlobals) = postSolution
		SolutionGuid = {56780FAA-7542-4BBC-8C68-5E6963BCAB34}
	EndGlobalSection
EndGlobal
